
Microsoft Visual Studio Solution File, Format Version 12.00
# Visual Studio Version 16
VisualStudioVersion = 16.0.29020.237
MinimumVisualStudioVersion = 10.0.40219.1
Project("{9A19103F-16F7-4668-BE54-9A1E7A4F7556}") = "CAServer.Domain", "src\CAServer.Domain\CAServer.Domain.csproj", "{554AD327-6DBA-4F8F-96F8-81CE7A0C863F}"
EndProject
Project("{9A19103F-16F7-4668-BE54-9A1E7A4F7556}") = "CAServer.Application", "src\CAServer.Application\CAServer.Application.csproj", "{1A94A50E-06DC-43C1-80B5-B662820EC3EB}"
EndProject
Project("{2150E333-8FDC-42A3-9474-1A3956D46DE8}") = "src", "src", "{CA9AC87F-097E-4F15-8393-4BC07735A5B0}"
EndProject
Project("{2150E333-8FDC-42A3-9474-1A3956D46DE8}") = "test", "test", "{04DBDB01-70F4-4E06-B468-8F87850B22BE}"
EndProject
Project("{9A19103F-16F7-4668-BE54-9A1E7A4F7556}") = "CAServer.Application.Tests", "test\CAServer.Application.Tests\CAServer.Application.Tests.csproj", "{50B2631D-129C-47B3-A587-029CCD6099BC}"
EndProject
Project("{9A19103F-16F7-4668-BE54-9A1E7A4F7556}") = "CAServer.MongoDB", "src\CAServer.MongoDB\CAServer.MongoDB.csproj", "{E3444355-D47E-431E-BDD0-DD3A7113B2AE}"
EndProject
Project("{9A19103F-16F7-4668-BE54-9A1E7A4F7556}") = "CAServer.Domain.Shared", "src\CAServer.Domain.Shared\CAServer.Domain.Shared.csproj", "{42F719ED-8413-4895-B5B4-5AB56079BC66}"
EndProject
Project("{9A19103F-16F7-4668-BE54-9A1E7A4F7556}") = "CAServer.Application.Contracts", "src\CAServer.Application.Contracts\CAServer.Application.Contracts.csproj", "{520659C8-C734-4298-A3DA-B539DB9DFC0B}"
EndProject
Project("{9A19103F-16F7-4668-BE54-9A1E7A4F7556}") = "CAServer.HttpApi", "src\CAServer.HttpApi\CAServer.HttpApi.csproj", "{4164BDF7-F527-4E85-9CE6-E3C2D7426A27}"
EndProject
Project("{9A19103F-16F7-4668-BE54-9A1E7A4F7556}") = "CAServer.HttpApi.Client", "src\CAServer.HttpApi.Client\CAServer.HttpApi.Client.csproj", "{3B5A0094-670D-4BB1-BFDD-61B88A8773DC}"
EndProject
Project("{9A19103F-16F7-4668-BE54-9A1E7A4F7556}") = "CAServer.AuthServer", "src\CAServer.AuthServer\CAServer.AuthServer.csproj", "{073C361E-B8F4-49F5-93CC-72A3FF49C026}"
EndProject
Project("{9A19103F-16F7-4668-BE54-9A1E7A4F7556}") = "CAServer.HttpApi.Host", "src\CAServer.HttpApi.Host\CAServer.HttpApi.Host.csproj", "{E6D5BF0E-DE92-4D82-A352-EF04B37CB11C}"
EndProject
Project("{9A19103F-16F7-4668-BE54-9A1E7A4F7556}") = "CAServer.TestBase", "test\CAServer.TestBase\CAServer.TestBase.csproj", "{91853F21-9CD9-4132-BC29-A7D5D84FFFE7}"
EndProject
Project("{9A19103F-16F7-4668-BE54-9A1E7A4F7556}") = "CAServer.Domain.Tests", "test\CAServer.Domain.Tests\CAServer.Domain.Tests.csproj", "{E512F4D9-9375-480F-A2F6-A46509F9D824}"
EndProject
Project("{9A19103F-16F7-4668-BE54-9A1E7A4F7556}") = "CAServer.MongoDB.Tests", "test\CAServer.MongoDB.Tests\CAServer.MongoDB.Tests.csproj", "{6015D17B-104B-4EC2-A9B7-D8A40C891458}"
EndProject
Project("{9A19103F-16F7-4668-BE54-9A1E7A4F7556}") = "CAServer.HttpApi.Client.ConsoleTestApp", "test\CAServer.HttpApi.Client.ConsoleTestApp\CAServer.HttpApi.Client.ConsoleTestApp.csproj", "{EF480016-9127-4916-8735-D2466BDBC582}"
EndProject
Project("{9A19103F-16F7-4668-BE54-9A1E7A4F7556}") = "CAServer.DbMigrator", "src\CAServer.DbMigrator\CAServer.DbMigrator.csproj", "{AA94D832-1CCC-4715-95A9-A483F23A1A5D}"
EndProject
Project("{FAE04EC0-301F-11D3-BF4B-00C04F79EFBC}") = "CAServer.EntityEventHandler", "src\CAServer.EntityEventHandler\CAServer.EntityEventHandler.csproj", "{96F54D4A-15D8-4277-8FAB-C87C8376CC09}"
EndProject
Project("{FAE04EC0-301F-11D3-BF4B-00C04F79EFBC}") = "CAServer.EntityEventHandler.Core", "src\CAServer.EntityEventHandler.Core\CAServer.EntityEventHandler.Core.csproj", "{A40E0D43-C703-4354-B3AF-036AB164230A}"
EndProject
Project("{FAE04EC0-301F-11D3-BF4B-00C04F79EFBC}") = "CAServer.CoinGeckoApi", "src\CAServer.CoinGeckoApi\CAServer.CoinGeckoApi.csproj", "{DD06C43F-B022-45DF-A24A-396AEF169468}"
EndProject
Project("{FAE04EC0-301F-11D3-BF4B-00C04F79EFBC}") = "CAServer.Silo", "src\CAServer.Silo\CAServer.Silo.csproj", "{9DB19306-A8FF-405B-A0DE-57B253BE5A86}"
EndProject
Project("{FAE04EC0-301F-11D3-BF4B-00C04F79EFBC}") = "CAServer.Grains", "src\CAServer.Grains\CAServer.Grains.csproj", "{D1C7244B-0BCF-466E-A9DB-37744BBF6927}"
EndProject
Project("{FAE04EC0-301F-11D3-BF4B-00C04F79EFBC}") = "CAServer.Orleans.TestBase", "test\CAServer.Orleans.TestBase\CAServer.Orleans.TestBase.csproj", "{EB1B1C54-CA78-4457-BC6C-B927B92FE2C3}"
EndProject
Project("{FAE04EC0-301F-11D3-BF4B-00C04F79EFBC}") = "CAServer.Grain.Tests", "test\CAServer.Grain.Tests\CAServer.Grain.Tests.csproj", "{A19D89D5-6A78-4AF6-8388-C2679D459BA3}"
EndProject
Project("{FAE04EC0-301F-11D3-BF4B-00C04F79EFBC}") = "CAServer.BackGround", "src\CAServer.BackGround\CAServer.BackGround.csproj", "{D738BEB4-7BAA-4EC9-AE43-E3F13871BCA6}"
EndProject
Project("{FAE04EC0-301F-11D3-BF4B-00C04F79EFBC}") = "CAServer.ContractEventHandler", "src\CAServer.ContractEventHandler\CAServer.ContractEventHandler.csproj", "{8407B77C-6EB8-496C-85B0-491225CD8D71}"
EndProject
Project("{FAE04EC0-301F-11D3-BF4B-00C04F79EFBC}") = "CAServer.ContractEventHandler.Core", "src\CAServer.ContractEventHandler.Core\CAServer.ContractEventHandler.Core.csproj", "{688636D6-6653-4088-9FF2-36ED8F7CC490}"
EndProject
Project("{FAE04EC0-301F-11D3-BF4B-00C04F79EFBC}") = "CAServer.Hub", "src\CAServer.Hub\CAServer.Hub.csproj", "{4505F89E-AE90-44F2-A4F4-CE0B8646643C}"
EndProject
Project("{FAE04EC0-301F-11D3-BF4B-00C04F79EFBC}") = "CAServer.Redis", "src\CAServer.Redis\CAServer.Redis.csproj", "{1B1FA09C-98AC-4893-9D76-EC34071E55C5}"
EndProject
Project("{FAE04EC0-301F-11D3-BF4B-00C04F79EFBC}") = "CAServer.EntityEventHandler.Core.Tests", "test\CAServer.EntityEventHandler.Core.Tests\CAServer.EntityEventHandler.Core.Tests.csproj", "{484F985C-3BCC-484D-B2D4-5A366388C249}"
EndProject
Project("{FAE04EC0-301F-11D3-BF4B-00C04F79EFBC}") = "CAServer.HttpApi.Tests", "test\CAServer.HttpApi.Tests\CAServer.HttpApi.Tests.csproj", "{A79C3A46-D7FA-435F-BFB0-6C41B27C33EE}"
EndProject
Project("{FAE04EC0-301F-11D3-BF4B-00C04F79EFBC}") = "CAServer.Signature", "src\CAServer.Signature\CAServer.Signature.csproj", "{EC87414A-45DA-4FEB-9A25-874C5A852B91}"
EndProject
Project("{FAE04EC0-301F-11D3-BF4B-00C04F79EFBC}") = "CAServer.Monitor", "src\CAServer.Monitor\CAServer.Monitor.csproj", "{8BF4A5D9-90EC-47C6-B778-419099BF453D}"
EndProject
Project("{FAE04EC0-301F-11D3-BF4B-00C04F79EFBC}") = "CAServer.ContractEventHandler.Core.Tests", "test\CAServer.ContractEventHandler.Core.Tests\CAServer.ContractEventHandler.Core.Tests.csproj", "{7AF6AC0F-D8CE-405B-B537-CF9E74B0F591}"
EndProject
Project("{FAE04EC0-301F-11D3-BF4B-00C04F79EFBC}") = "CAServer.Nightingale", "src\CAServer.Nightingale\CAServer.Nightingale.csproj", "{F65B38A5-9835-4146-A82F-E7B73D61A28A}"
EndProject
Project("{FAE04EC0-301F-11D3-BF4B-00C04F79EFBC}") = "CAServer.AppleMigrate", "src\CAServer.AppleMigrate\CAServer.AppleMigrate.csproj", "{2B2DDBFF-1BB7-4EF6-9329-5C8ED5F30F27}"
EndProject
Global
	GlobalSection(SolutionConfigurationPlatforms) = preSolution
		Debug|Any CPU = Debug|Any CPU
		Release|Any CPU = Release|Any CPU
	EndGlobalSection
	GlobalSection(ProjectConfigurationPlatforms) = postSolution
		{554AD327-6DBA-4F8F-96F8-81CE7A0C863F}.Debug|Any CPU.ActiveCfg = Debug|Any CPU
		{554AD327-6DBA-4F8F-96F8-81CE7A0C863F}.Debug|Any CPU.Build.0 = Debug|Any CPU
		{554AD327-6DBA-4F8F-96F8-81CE7A0C863F}.Release|Any CPU.ActiveCfg = Release|Any CPU
		{554AD327-6DBA-4F8F-96F8-81CE7A0C863F}.Release|Any CPU.Build.0 = Release|Any CPU
		{1A94A50E-06DC-43C1-80B5-B662820EC3EB}.Debug|Any CPU.ActiveCfg = Debug|Any CPU
		{1A94A50E-06DC-43C1-80B5-B662820EC3EB}.Debug|Any CPU.Build.0 = Debug|Any CPU
		{1A94A50E-06DC-43C1-80B5-B662820EC3EB}.Release|Any CPU.ActiveCfg = Release|Any CPU
		{1A94A50E-06DC-43C1-80B5-B662820EC3EB}.Release|Any CPU.Build.0 = Release|Any CPU
		{50B2631D-129C-47B3-A587-029CCD6099BC}.Debug|Any CPU.ActiveCfg = Debug|Any CPU
		{50B2631D-129C-47B3-A587-029CCD6099BC}.Debug|Any CPU.Build.0 = Debug|Any CPU
		{50B2631D-129C-47B3-A587-029CCD6099BC}.Release|Any CPU.ActiveCfg = Release|Any CPU
		{50B2631D-129C-47B3-A587-029CCD6099BC}.Release|Any CPU.Build.0 = Release|Any CPU
		{E3444355-D47E-431E-BDD0-DD3A7113B2AE}.Debug|Any CPU.ActiveCfg = Debug|Any CPU
		{E3444355-D47E-431E-BDD0-DD3A7113B2AE}.Debug|Any CPU.Build.0 = Debug|Any CPU
		{E3444355-D47E-431E-BDD0-DD3A7113B2AE}.Release|Any CPU.ActiveCfg = Release|Any CPU
		{E3444355-D47E-431E-BDD0-DD3A7113B2AE}.Release|Any CPU.Build.0 = Release|Any CPU
		{42F719ED-8413-4895-B5B4-5AB56079BC66}.Debug|Any CPU.ActiveCfg = Debug|Any CPU
		{42F719ED-8413-4895-B5B4-5AB56079BC66}.Debug|Any CPU.Build.0 = Debug|Any CPU
		{42F719ED-8413-4895-B5B4-5AB56079BC66}.Release|Any CPU.ActiveCfg = Release|Any CPU
		{42F719ED-8413-4895-B5B4-5AB56079BC66}.Release|Any CPU.Build.0 = Release|Any CPU
		{520659C8-C734-4298-A3DA-B539DB9DFC0B}.Debug|Any CPU.ActiveCfg = Debug|Any CPU
		{520659C8-C734-4298-A3DA-B539DB9DFC0B}.Debug|Any CPU.Build.0 = Debug|Any CPU
		{520659C8-C734-4298-A3DA-B539DB9DFC0B}.Release|Any CPU.ActiveCfg = Release|Any CPU
		{520659C8-C734-4298-A3DA-B539DB9DFC0B}.Release|Any CPU.Build.0 = Release|Any CPU
		{4164BDF7-F527-4E85-9CE6-E3C2D7426A27}.Debug|Any CPU.ActiveCfg = Debug|Any CPU
		{4164BDF7-F527-4E85-9CE6-E3C2D7426A27}.Debug|Any CPU.Build.0 = Debug|Any CPU
		{4164BDF7-F527-4E85-9CE6-E3C2D7426A27}.Release|Any CPU.ActiveCfg = Release|Any CPU
		{4164BDF7-F527-4E85-9CE6-E3C2D7426A27}.Release|Any CPU.Build.0 = Release|Any CPU
		{3B5A0094-670D-4BB1-BFDD-61B88A8773DC}.Debug|Any CPU.ActiveCfg = Debug|Any CPU
		{3B5A0094-670D-4BB1-BFDD-61B88A8773DC}.Debug|Any CPU.Build.0 = Debug|Any CPU
		{3B5A0094-670D-4BB1-BFDD-61B88A8773DC}.Release|Any CPU.ActiveCfg = Release|Any CPU
		{3B5A0094-670D-4BB1-BFDD-61B88A8773DC}.Release|Any CPU.Build.0 = Release|Any CPU
		{073C361E-B8F4-49F5-93CC-72A3FF49C026}.Debug|Any CPU.ActiveCfg = Debug|Any CPU
		{073C361E-B8F4-49F5-93CC-72A3FF49C026}.Debug|Any CPU.Build.0 = Debug|Any CPU
		{073C361E-B8F4-49F5-93CC-72A3FF49C026}.Release|Any CPU.ActiveCfg = Release|Any CPU
		{073C361E-B8F4-49F5-93CC-72A3FF49C026}.Release|Any CPU.Build.0 = Release|Any CPU
		{E6D5BF0E-DE92-4D82-A352-EF04B37CB11C}.Debug|Any CPU.ActiveCfg = Debug|Any CPU
		{E6D5BF0E-DE92-4D82-A352-EF04B37CB11C}.Debug|Any CPU.Build.0 = Debug|Any CPU
		{E6D5BF0E-DE92-4D82-A352-EF04B37CB11C}.Release|Any CPU.ActiveCfg = Release|Any CPU
		{E6D5BF0E-DE92-4D82-A352-EF04B37CB11C}.Release|Any CPU.Build.0 = Release|Any CPU
		{91853F21-9CD9-4132-BC29-A7D5D84FFFE7}.Debug|Any CPU.ActiveCfg = Debug|Any CPU
		{91853F21-9CD9-4132-BC29-A7D5D84FFFE7}.Debug|Any CPU.Build.0 = Debug|Any CPU
		{91853F21-9CD9-4132-BC29-A7D5D84FFFE7}.Release|Any CPU.ActiveCfg = Release|Any CPU
		{91853F21-9CD9-4132-BC29-A7D5D84FFFE7}.Release|Any CPU.Build.0 = Release|Any CPU
		{E512F4D9-9375-480F-A2F6-A46509F9D824}.Debug|Any CPU.ActiveCfg = Debug|Any CPU
		{E512F4D9-9375-480F-A2F6-A46509F9D824}.Debug|Any CPU.Build.0 = Debug|Any CPU
		{E512F4D9-9375-480F-A2F6-A46509F9D824}.Release|Any CPU.ActiveCfg = Release|Any CPU
		{E512F4D9-9375-480F-A2F6-A46509F9D824}.Release|Any CPU.Build.0 = Release|Any CPU
		{6015D17B-104B-4EC2-A9B7-D8A40C891458}.Debug|Any CPU.ActiveCfg = Debug|Any CPU
		{6015D17B-104B-4EC2-A9B7-D8A40C891458}.Debug|Any CPU.Build.0 = Debug|Any CPU
		{6015D17B-104B-4EC2-A9B7-D8A40C891458}.Release|Any CPU.ActiveCfg = Release|Any CPU
		{6015D17B-104B-4EC2-A9B7-D8A40C891458}.Release|Any CPU.Build.0 = Release|Any CPU
		{EF480016-9127-4916-8735-D2466BDBC582}.Debug|Any CPU.ActiveCfg = Debug|Any CPU
		{EF480016-9127-4916-8735-D2466BDBC582}.Debug|Any CPU.Build.0 = Debug|Any CPU
		{EF480016-9127-4916-8735-D2466BDBC582}.Release|Any CPU.ActiveCfg = Release|Any CPU
		{EF480016-9127-4916-8735-D2466BDBC582}.Release|Any CPU.Build.0 = Release|Any CPU
		{AA94D832-1CCC-4715-95A9-A483F23A1A5D}.Debug|Any CPU.ActiveCfg = Debug|Any CPU
		{AA94D832-1CCC-4715-95A9-A483F23A1A5D}.Debug|Any CPU.Build.0 = Debug|Any CPU
		{AA94D832-1CCC-4715-95A9-A483F23A1A5D}.Release|Any CPU.ActiveCfg = Release|Any CPU
		{AA94D832-1CCC-4715-95A9-A483F23A1A5D}.Release|Any CPU.Build.0 = Release|Any CPU
		{96F54D4A-15D8-4277-8FAB-C87C8376CC09}.Debug|Any CPU.ActiveCfg = Debug|Any CPU
		{96F54D4A-15D8-4277-8FAB-C87C8376CC09}.Debug|Any CPU.Build.0 = Debug|Any CPU
		{96F54D4A-15D8-4277-8FAB-C87C8376CC09}.Release|Any CPU.ActiveCfg = Release|Any CPU
		{96F54D4A-15D8-4277-8FAB-C87C8376CC09}.Release|Any CPU.Build.0 = Release|Any CPU
		{A40E0D43-C703-4354-B3AF-036AB164230A}.Debug|Any CPU.ActiveCfg = Debug|Any CPU
		{A40E0D43-C703-4354-B3AF-036AB164230A}.Debug|Any CPU.Build.0 = Debug|Any CPU
		{A40E0D43-C703-4354-B3AF-036AB164230A}.Release|Any CPU.ActiveCfg = Release|Any CPU
		{A40E0D43-C703-4354-B3AF-036AB164230A}.Release|Any CPU.Build.0 = Release|Any CPU
		{DD06C43F-B022-45DF-A24A-396AEF169468}.Debug|Any CPU.ActiveCfg = Debug|Any CPU
		{DD06C43F-B022-45DF-A24A-396AEF169468}.Debug|Any CPU.Build.0 = Debug|Any CPU
		{DD06C43F-B022-45DF-A24A-396AEF169468}.Release|Any CPU.ActiveCfg = Release|Any CPU
		{DD06C43F-B022-45DF-A24A-396AEF169468}.Release|Any CPU.Build.0 = Release|Any CPU
		{9DB19306-A8FF-405B-A0DE-57B253BE5A86}.Debug|Any CPU.ActiveCfg = Debug|Any CPU
		{9DB19306-A8FF-405B-A0DE-57B253BE5A86}.Debug|Any CPU.Build.0 = Debug|Any CPU
		{9DB19306-A8FF-405B-A0DE-57B253BE5A86}.Release|Any CPU.ActiveCfg = Release|Any CPU
		{9DB19306-A8FF-405B-A0DE-57B253BE5A86}.Release|Any CPU.Build.0 = Release|Any CPU
		{D1C7244B-0BCF-466E-A9DB-37744BBF6927}.Debug|Any CPU.ActiveCfg = Debug|Any CPU
		{D1C7244B-0BCF-466E-A9DB-37744BBF6927}.Debug|Any CPU.Build.0 = Debug|Any CPU
		{D1C7244B-0BCF-466E-A9DB-37744BBF6927}.Release|Any CPU.ActiveCfg = Release|Any CPU
		{D1C7244B-0BCF-466E-A9DB-37744BBF6927}.Release|Any CPU.Build.0 = Release|Any CPU
		{EB1B1C54-CA78-4457-BC6C-B927B92FE2C3}.Debug|Any CPU.ActiveCfg = Debug|Any CPU
		{EB1B1C54-CA78-4457-BC6C-B927B92FE2C3}.Debug|Any CPU.Build.0 = Debug|Any CPU
		{EB1B1C54-CA78-4457-BC6C-B927B92FE2C3}.Release|Any CPU.ActiveCfg = Release|Any CPU
		{EB1B1C54-CA78-4457-BC6C-B927B92FE2C3}.Release|Any CPU.Build.0 = Release|Any CPU
		{A19D89D5-6A78-4AF6-8388-C2679D459BA3}.Debug|Any CPU.ActiveCfg = Debug|Any CPU
		{A19D89D5-6A78-4AF6-8388-C2679D459BA3}.Debug|Any CPU.Build.0 = Debug|Any CPU
		{A19D89D5-6A78-4AF6-8388-C2679D459BA3}.Release|Any CPU.ActiveCfg = Release|Any CPU
		{A19D89D5-6A78-4AF6-8388-C2679D459BA3}.Release|Any CPU.Build.0 = Release|Any CPU
		{D738BEB4-7BAA-4EC9-AE43-E3F13871BCA6}.Debug|Any CPU.ActiveCfg = Debug|Any CPU
		{D738BEB4-7BAA-4EC9-AE43-E3F13871BCA6}.Debug|Any CPU.Build.0 = Debug|Any CPU
		{D738BEB4-7BAA-4EC9-AE43-E3F13871BCA6}.Release|Any CPU.ActiveCfg = Release|Any CPU
		{D738BEB4-7BAA-4EC9-AE43-E3F13871BCA6}.Release|Any CPU.Build.0 = Release|Any CPU
		{8407B77C-6EB8-496C-85B0-491225CD8D71}.Debug|Any CPU.ActiveCfg = Debug|Any CPU
		{8407B77C-6EB8-496C-85B0-491225CD8D71}.Debug|Any CPU.Build.0 = Debug|Any CPU
		{8407B77C-6EB8-496C-85B0-491225CD8D71}.Release|Any CPU.ActiveCfg = Release|Any CPU
		{8407B77C-6EB8-496C-85B0-491225CD8D71}.Release|Any CPU.Build.0 = Release|Any CPU
		{688636D6-6653-4088-9FF2-36ED8F7CC490}.Debug|Any CPU.ActiveCfg = Debug|Any CPU
		{688636D6-6653-4088-9FF2-36ED8F7CC490}.Debug|Any CPU.Build.0 = Debug|Any CPU
		{688636D6-6653-4088-9FF2-36ED8F7CC490}.Release|Any CPU.ActiveCfg = Release|Any CPU
		{688636D6-6653-4088-9FF2-36ED8F7CC490}.Release|Any CPU.Build.0 = Release|Any CPU
		{4505F89E-AE90-44F2-A4F4-CE0B8646643C}.Debug|Any CPU.ActiveCfg = Debug|Any CPU
		{4505F89E-AE90-44F2-A4F4-CE0B8646643C}.Debug|Any CPU.Build.0 = Debug|Any CPU
		{4505F89E-AE90-44F2-A4F4-CE0B8646643C}.Release|Any CPU.ActiveCfg = Release|Any CPU
		{4505F89E-AE90-44F2-A4F4-CE0B8646643C}.Release|Any CPU.Build.0 = Release|Any CPU
		{1B1FA09C-98AC-4893-9D76-EC34071E55C5}.Debug|Any CPU.ActiveCfg = Debug|Any CPU
		{1B1FA09C-98AC-4893-9D76-EC34071E55C5}.Debug|Any CPU.Build.0 = Debug|Any CPU
		{1B1FA09C-98AC-4893-9D76-EC34071E55C5}.Release|Any CPU.ActiveCfg = Release|Any CPU
		{1B1FA09C-98AC-4893-9D76-EC34071E55C5}.Release|Any CPU.Build.0 = Release|Any CPU
		{484F985C-3BCC-484D-B2D4-5A366388C249}.Debug|Any CPU.ActiveCfg = Debug|Any CPU
		{484F985C-3BCC-484D-B2D4-5A366388C249}.Debug|Any CPU.Build.0 = Debug|Any CPU
		{484F985C-3BCC-484D-B2D4-5A366388C249}.Release|Any CPU.ActiveCfg = Release|Any CPU
		{484F985C-3BCC-484D-B2D4-5A366388C249}.Release|Any CPU.Build.0 = Release|Any CPU
		{A79C3A46-D7FA-435F-BFB0-6C41B27C33EE}.Debug|Any CPU.ActiveCfg = Debug|Any CPU
		{A79C3A46-D7FA-435F-BFB0-6C41B27C33EE}.Debug|Any CPU.Build.0 = Debug|Any CPU
		{A79C3A46-D7FA-435F-BFB0-6C41B27C33EE}.Release|Any CPU.ActiveCfg = Release|Any CPU
		{A79C3A46-D7FA-435F-BFB0-6C41B27C33EE}.Release|Any CPU.Build.0 = Release|Any CPU
		{EC87414A-45DA-4FEB-9A25-874C5A852B91}.Debug|Any CPU.ActiveCfg = Debug|Any CPU
		{EC87414A-45DA-4FEB-9A25-874C5A852B91}.Debug|Any CPU.Build.0 = Debug|Any CPU
		{EC87414A-45DA-4FEB-9A25-874C5A852B91}.Release|Any CPU.ActiveCfg = Release|Any CPU
		{EC87414A-45DA-4FEB-9A25-874C5A852B91}.Release|Any CPU.Build.0 = Release|Any CPU
		{8BF4A5D9-90EC-47C6-B778-419099BF453D}.Debug|Any CPU.ActiveCfg = Debug|Any CPU
		{8BF4A5D9-90EC-47C6-B778-419099BF453D}.Debug|Any CPU.Build.0 = Debug|Any CPU
		{8BF4A5D9-90EC-47C6-B778-419099BF453D}.Release|Any CPU.ActiveCfg = Release|Any CPU
		{8BF4A5D9-90EC-47C6-B778-419099BF453D}.Release|Any CPU.Build.0 = Release|Any CPU
		{7AF6AC0F-D8CE-405B-B537-CF9E74B0F591}.Debug|Any CPU.ActiveCfg = Debug|Any CPU
		{7AF6AC0F-D8CE-405B-B537-CF9E74B0F591}.Debug|Any CPU.Build.0 = Debug|Any CPU
		{7AF6AC0F-D8CE-405B-B537-CF9E74B0F591}.Release|Any CPU.ActiveCfg = Release|Any CPU
		{7AF6AC0F-D8CE-405B-B537-CF9E74B0F591}.Release|Any CPU.Build.0 = Release|Any CPU
		{F65B38A5-9835-4146-A82F-E7B73D61A28A}.Debug|Any CPU.ActiveCfg = Debug|Any CPU
		{F65B38A5-9835-4146-A82F-E7B73D61A28A}.Debug|Any CPU.Build.0 = Debug|Any CPU
		{F65B38A5-9835-4146-A82F-E7B73D61A28A}.Release|Any CPU.ActiveCfg = Release|Any CPU
		{F65B38A5-9835-4146-A82F-E7B73D61A28A}.Release|Any CPU.Build.0 = Release|Any CPU
		{2B2DDBFF-1BB7-4EF6-9329-5C8ED5F30F27}.Debug|Any CPU.ActiveCfg = Debug|Any CPU
		{2B2DDBFF-1BB7-4EF6-9329-5C8ED5F30F27}.Debug|Any CPU.Build.0 = Debug|Any CPU
		{2B2DDBFF-1BB7-4EF6-9329-5C8ED5F30F27}.Release|Any CPU.ActiveCfg = Release|Any CPU
		{2B2DDBFF-1BB7-4EF6-9329-5C8ED5F30F27}.Release|Any CPU.Build.0 = Release|Any CPU
	EndGlobalSection
	GlobalSection(SolutionProperties) = preSolution
		HideSolutionNode = FALSE
	EndGlobalSection
	GlobalSection(NestedProjects) = preSolution
		{554AD327-6DBA-4F8F-96F8-81CE7A0C863F} = {CA9AC87F-097E-4F15-8393-4BC07735A5B0}
		{1A94A50E-06DC-43C1-80B5-B662820EC3EB} = {CA9AC87F-097E-4F15-8393-4BC07735A5B0}
		{50B2631D-129C-47B3-A587-029CCD6099BC} = {04DBDB01-70F4-4E06-B468-8F87850B22BE}
		{E3444355-D47E-431E-BDD0-DD3A7113B2AE} = {CA9AC87F-097E-4F15-8393-4BC07735A5B0}
		{42F719ED-8413-4895-B5B4-5AB56079BC66} = {CA9AC87F-097E-4F15-8393-4BC07735A5B0}
		{520659C8-C734-4298-A3DA-B539DB9DFC0B} = {CA9AC87F-097E-4F15-8393-4BC07735A5B0}
		{4164BDF7-F527-4E85-9CE6-E3C2D7426A27} = {CA9AC87F-097E-4F15-8393-4BC07735A5B0}
		{3B5A0094-670D-4BB1-BFDD-61B88A8773DC} = {CA9AC87F-097E-4F15-8393-4BC07735A5B0}
		{073C361E-B8F4-49F5-93CC-72A3FF49C026} = {CA9AC87F-097E-4F15-8393-4BC07735A5B0}
		{E6D5BF0E-DE92-4D82-A352-EF04B37CB11C} = {CA9AC87F-097E-4F15-8393-4BC07735A5B0}
		{91853F21-9CD9-4132-BC29-A7D5D84FFFE7} = {04DBDB01-70F4-4E06-B468-8F87850B22BE}
		{E512F4D9-9375-480F-A2F6-A46509F9D824} = {04DBDB01-70F4-4E06-B468-8F87850B22BE}
		{6015D17B-104B-4EC2-A9B7-D8A40C891458} = {04DBDB01-70F4-4E06-B468-8F87850B22BE}
		{EF480016-9127-4916-8735-D2466BDBC582} = {04DBDB01-70F4-4E06-B468-8F87850B22BE}
		{AA94D832-1CCC-4715-95A9-A483F23A1A5D} = {CA9AC87F-097E-4F15-8393-4BC07735A5B0}
		{96F54D4A-15D8-4277-8FAB-C87C8376CC09} = {CA9AC87F-097E-4F15-8393-4BC07735A5B0}
		{A40E0D43-C703-4354-B3AF-036AB164230A} = {CA9AC87F-097E-4F15-8393-4BC07735A5B0}
		{DD06C43F-B022-45DF-A24A-396AEF169468} = {CA9AC87F-097E-4F15-8393-4BC07735A5B0}
		{9DB19306-A8FF-405B-A0DE-57B253BE5A86} = {CA9AC87F-097E-4F15-8393-4BC07735A5B0}
		{D1C7244B-0BCF-466E-A9DB-37744BBF6927} = {CA9AC87F-097E-4F15-8393-4BC07735A5B0}
		{EB1B1C54-CA78-4457-BC6C-B927B92FE2C3} = {04DBDB01-70F4-4E06-B468-8F87850B22BE}
		{A19D89D5-6A78-4AF6-8388-C2679D459BA3} = {04DBDB01-70F4-4E06-B468-8F87850B22BE}
		{D738BEB4-7BAA-4EC9-AE43-E3F13871BCA6} = {CA9AC87F-097E-4F15-8393-4BC07735A5B0}
		{8407B77C-6EB8-496C-85B0-491225CD8D71} = {CA9AC87F-097E-4F15-8393-4BC07735A5B0}
		{688636D6-6653-4088-9FF2-36ED8F7CC490} = {CA9AC87F-097E-4F15-8393-4BC07735A5B0}
		{4505F89E-AE90-44F2-A4F4-CE0B8646643C} = {CA9AC87F-097E-4F15-8393-4BC07735A5B0}
		{1B1FA09C-98AC-4893-9D76-EC34071E55C5} = {CA9AC87F-097E-4F15-8393-4BC07735A5B0}
		{484F985C-3BCC-484D-B2D4-5A366388C249} = {04DBDB01-70F4-4E06-B468-8F87850B22BE}
		{A79C3A46-D7FA-435F-BFB0-6C41B27C33EE} = {04DBDB01-70F4-4E06-B468-8F87850B22BE}
		{EC87414A-45DA-4FEB-9A25-874C5A852B91} = {CA9AC87F-097E-4F15-8393-4BC07735A5B0}
		{8BF4A5D9-90EC-47C6-B778-419099BF453D} = {CA9AC87F-097E-4F15-8393-4BC07735A5B0}
		{7AF6AC0F-D8CE-405B-B537-CF9E74B0F591} = {04DBDB01-70F4-4E06-B468-8F87850B22BE}
		{F65B38A5-9835-4146-A82F-E7B73D61A28A} = {CA9AC87F-097E-4F15-8393-4BC07735A5B0}
		{2B2DDBFF-1BB7-4EF6-9329-5C8ED5F30F27} = {CA9AC87F-097E-4F15-8393-4BC07735A5B0}
	EndGlobalSection
	GlobalSection(ExtensibilityGlobals) = postSolution
		SolutionGuid = {28315BFD-90E7-4E14-A2EA-F3D23AF4126F}
	EndGlobalSection
EndGlobal
